
Microsoft Visual Studio Solution File, Format Version 12.00
# Visual Studio 14
VisualStudioVersion = 14.0.25420.1
MinimumVisualStudioVersion = 10.0.40219.1
Project("{FAE04EC0-301F-11D3-BF4B-00C04F79EFBC}") = "MvvX.Plugins.CouchBaseLite", "MvvX.Plugins.CouchBaseLite\MvvX.Plugins.CouchBaseLite.csproj", "{91272C39-1BBD-4478-BCCD-44A4F9EDB64D}"
EndProject
Project("{FAE04EC0-301F-11D3-BF4B-00C04F79EFBC}") = "MvvX.Plugins.CouchBaseLite.Wpf", "MvvX.Plugins.CouchBaseLite.WPF\MvvX.Plugins.CouchBaseLite.Wpf.csproj", "{E10E3C57-7E48-41E8-8E38-48963A1E0408}"
EndProject
Project("{FAE04EC0-301F-11D3-BF4B-00C04F79EFBC}") = "Client.Windows", "Client.Windows\Client.Windows.csproj", "{5DF015D2-E7BF-45B3-9E67-E9120C6A8B90}"
EndProject
Project("{2150E333-8FDC-42A3-9474-1A3956D46DE8}") = "Tests", "Tests", "{C9B8BFC9-5990-4606-BA44-20DB2AD68A5A}"
EndProject
Project("{2150E333-8FDC-42A3-9474-1A3956D46DE8}") = "Plugin", "Plugin", "{1C982012-32B2-4E44-8DDD-3ECC38E87884}"
EndProject
Project("{2150E333-8FDC-42A3-9474-1A3956D46DE8}") = "Interface", "Interface", "{9E2DD4FA-9BB8-471B-99F4-C47D1BB26125}"
EndProject
Project("{2150E333-8FDC-42A3-9474-1A3956D46DE8}") = "Implements", "Implements", "{86B44DE2-C121-462A-A98F-B67311A09194}"
EndProject
Project("{FAE04EC0-301F-11D3-BF4B-00C04F79EFBC}") = "Client.Droid", "Client.Droid\Client.Droid.csproj", "{EF8C6B0F-3F7F-4365-AE68-5DC1418E34B3}"
EndProject
Project("{FAE04EC0-301F-11D3-BF4B-00C04F79EFBC}") = "MvvX.Plugins.CouchBaseLite.Droid", "MvvX.Plugins.CouchBaseLite.Droid\MvvX.Plugins.CouchBaseLite.Droid.csproj", "{8E74ABA6-B51F-47ED-8C62-EF6843AABE10}"
EndProject
Project("{FAE04EC0-301F-11D3-BF4B-00C04F79EFBC}") = "MvvX.Plugins.CouchBaseLite.Touch", "MvvX.Plugins.CouchBaseLite.Touch\MvvX.Plugins.CouchBaseLite.Touch.csproj", "{D806ED78-1C67-4CC7-A1C6-C7656F53A948}"
EndProject
Project("{D954291E-2A0B-460D-934E-DC6B0785DB48}") = "MvvX.Plugins.CouchBaseLite.Shared", "MvvX.Plugins.CouchBaseLite.Shared\MvvX.Plugins.CouchBaseLite.Shared\MvvX.Plugins.CouchBaseLite.Shared.shproj", "{CC288502-B308-4A43-95A8-689F7E4F9CE9}"
EndProject
Project("{FAE04EC0-301F-11D3-BF4B-00C04F79EFBC}") = "Clients.Tests", "Clients.Tests\Clients.Tests.csproj", "{021C1039-4E38-4518-8B2F-7FF3B6757AEE}"
EndProject
Global
	GlobalSection(SharedMSBuildProjectFiles) = preSolution
		MvvX.Plugins.CouchBaseLite.Shared\MvvX.Plugins.CouchBaseLite.Shared\MvvX.Plugins.CouchBaseLite.Shared.projitems*{8e74aba6-b51f-47ed-8c62-ef6843aabe10}*SharedItemsImports = 4
		MvvX.Plugins.CouchBaseLite.Shared\MvvX.Plugins.CouchBaseLite.Shared\MvvX.Plugins.CouchBaseLite.Shared.projitems*{cc288502-b308-4a43-95a8-689f7e4f9ce9}*SharedItemsImports = 13
		MvvX.Plugins.CouchBaseLite.Shared\MvvX.Plugins.CouchBaseLite.Shared\MvvX.Plugins.CouchBaseLite.Shared.projitems*{d806ed78-1c67-4cc7-a1c6-c7656f53a948}*SharedItemsImports = 4
		MvvX.Plugins.CouchBaseLite.Shared\MvvX.Plugins.CouchBaseLite.Shared\MvvX.Plugins.CouchBaseLite.Shared.projitems*{e10e3c57-7e48-41e8-8e38-48963a1e0408}*SharedItemsImports = 4
	EndGlobalSection
	GlobalSection(SolutionConfigurationPlatforms) = preSolution
		Ad-Hoc|Any CPU = Ad-Hoc|Any CPU
		Ad-Hoc|ARM = Ad-Hoc|ARM
		Ad-Hoc|iPhone = Ad-Hoc|iPhone
		Ad-Hoc|iPhoneSimulator = Ad-Hoc|iPhoneSimulator
		Ad-Hoc|x64 = Ad-Hoc|x64
		Ad-Hoc|x86 = Ad-Hoc|x86
		AppStore|Any CPU = AppStore|Any CPU
		AppStore|ARM = AppStore|ARM
		AppStore|iPhone = AppStore|iPhone
		AppStore|iPhoneSimulator = AppStore|iPhoneSimulator
		AppStore|x64 = AppStore|x64
		AppStore|x86 = AppStore|x86
		Debug|Any CPU = Debug|Any CPU
		Debug|ARM = Debug|ARM
		Debug|iPhone = Debug|iPhone
		Debug|iPhoneSimulator = Debug|iPhoneSimulator
		Debug|x64 = Debug|x64
		Debug|x86 = Debug|x86
		Release|Any CPU = Release|Any CPU
		Release|ARM = Release|ARM
		Release|iPhone = Release|iPhone
		Release|iPhoneSimulator = Release|iPhoneSimulator
		Release|x64 = Release|x64
		Release|x86 = Release|x86
	EndGlobalSection
	GlobalSection(ProjectConfigurationPlatforms) = postSolution
		{91272C39-1BBD-4478-BCCD-44A4F9EDB64D}.Ad-Hoc|Any CPU.ActiveCfg = Debug|Any CPU
		{91272C39-1BBD-4478-BCCD-44A4F9EDB64D}.Ad-Hoc|Any CPU.Build.0 = Debug|Any CPU
		{91272C39-1BBD-4478-BCCD-44A4F9EDB64D}.Ad-Hoc|ARM.ActiveCfg = Debug|Any CPU
		{91272C39-1BBD-4478-BCCD-44A4F9EDB64D}.Ad-Hoc|ARM.Build.0 = Debug|Any CPU
		{91272C39-1BBD-4478-BCCD-44A4F9EDB64D}.Ad-Hoc|iPhone.ActiveCfg = Debug|Any CPU
		{91272C39-1BBD-4478-BCCD-44A4F9EDB64D}.Ad-Hoc|iPhone.Build.0 = Debug|Any CPU
		{91272C39-1BBD-4478-BCCD-44A4F9EDB64D}.Ad-Hoc|iPhoneSimulator.ActiveCfg = Debug|Any CPU
		{91272C39-1BBD-4478-BCCD-44A4F9EDB64D}.Ad-Hoc|iPhoneSimulator.Build.0 = Debug|Any CPU
		{91272C39-1BBD-4478-BCCD-44A4F9EDB64D}.Ad-Hoc|x64.ActiveCfg = Debug|Any CPU
		{91272C39-1BBD-4478-BCCD-44A4F9EDB64D}.Ad-Hoc|x64.Build.0 = Debug|Any CPU
		{91272C39-1BBD-4478-BCCD-44A4F9EDB64D}.Ad-Hoc|x86.ActiveCfg = Debug|Any CPU
		{91272C39-1BBD-4478-BCCD-44A4F9EDB64D}.Ad-Hoc|x86.Build.0 = Debug|Any CPU
		{91272C39-1BBD-4478-BCCD-44A4F9EDB64D}.AppStore|Any CPU.ActiveCfg = Release|Any CPU
		{91272C39-1BBD-4478-BCCD-44A4F9EDB64D}.AppStore|Any CPU.Build.0 = Release|Any CPU
		{91272C39-1BBD-4478-BCCD-44A4F9EDB64D}.AppStore|ARM.ActiveCfg = Debug|Any CPU
		{91272C39-1BBD-4478-BCCD-44A4F9EDB64D}.AppStore|ARM.Build.0 = Debug|Any CPU
		{91272C39-1BBD-4478-BCCD-44A4F9EDB64D}.AppStore|iPhone.ActiveCfg = Debug|Any CPU
		{91272C39-1BBD-4478-BCCD-44A4F9EDB64D}.AppStore|iPhone.Build.0 = Debug|Any CPU
		{91272C39-1BBD-4478-BCCD-44A4F9EDB64D}.AppStore|iPhoneSimulator.ActiveCfg = Debug|Any CPU
		{91272C39-1BBD-4478-BCCD-44A4F9EDB64D}.AppStore|iPhoneSimulator.Build.0 = Debug|Any CPU
		{91272C39-1BBD-4478-BCCD-44A4F9EDB64D}.AppStore|x64.ActiveCfg = Debug|Any CPU
		{91272C39-1BBD-4478-BCCD-44A4F9EDB64D}.AppStore|x64.Build.0 = Debug|Any CPU
		{91272C39-1BBD-4478-BCCD-44A4F9EDB64D}.AppStore|x86.ActiveCfg = Debug|Any CPU
		{91272C39-1BBD-4478-BCCD-44A4F9EDB64D}.AppStore|x86.Build.0 = Debug|Any CPU
		{91272C39-1BBD-4478-BCCD-44A4F9EDB64D}.Debug|Any CPU.ActiveCfg = Debug|Any CPU
		{91272C39-1BBD-4478-BCCD-44A4F9EDB64D}.Debug|Any CPU.Build.0 = Debug|Any CPU
		{91272C39-1BBD-4478-BCCD-44A4F9EDB64D}.Debug|ARM.ActiveCfg = Debug|Any CPU
		{91272C39-1BBD-4478-BCCD-44A4F9EDB64D}.Debug|ARM.Build.0 = Debug|Any CPU
		{91272C39-1BBD-4478-BCCD-44A4F9EDB64D}.Debug|iPhone.ActiveCfg = Debug|Any CPU
		{91272C39-1BBD-4478-BCCD-44A4F9EDB64D}.Debug|iPhone.Build.0 = Debug|Any CPU
		{91272C39-1BBD-4478-BCCD-44A4F9EDB64D}.Debug|iPhoneSimulator.ActiveCfg = Debug|Any CPU
		{91272C39-1BBD-4478-BCCD-44A4F9EDB64D}.Debug|iPhoneSimulator.Build.0 = Debug|Any CPU
		{91272C39-1BBD-4478-BCCD-44A4F9EDB64D}.Debug|x64.ActiveCfg = Debug|Any CPU
		{91272C39-1BBD-4478-BCCD-44A4F9EDB64D}.Debug|x64.Build.0 = Debug|Any CPU
		{91272C39-1BBD-4478-BCCD-44A4F9EDB64D}.Debug|x86.ActiveCfg = Debug|Any CPU
		{91272C39-1BBD-4478-BCCD-44A4F9EDB64D}.Debug|x86.Build.0 = Debug|Any CPU
		{91272C39-1BBD-4478-BCCD-44A4F9EDB64D}.Release|Any CPU.ActiveCfg = Release|Any CPU
		{91272C39-1BBD-4478-BCCD-44A4F9EDB64D}.Release|Any CPU.Build.0 = Release|Any CPU
		{91272C39-1BBD-4478-BCCD-44A4F9EDB64D}.Release|ARM.ActiveCfg = Release|Any CPU
		{91272C39-1BBD-4478-BCCD-44A4F9EDB64D}.Release|ARM.Build.0 = Release|Any CPU
		{91272C39-1BBD-4478-BCCD-44A4F9EDB64D}.Release|iPhone.ActiveCfg = Release|Any CPU
		{91272C39-1BBD-4478-BCCD-44A4F9EDB64D}.Release|iPhone.Build.0 = Release|Any CPU
		{91272C39-1BBD-4478-BCCD-44A4F9EDB64D}.Release|iPhoneSimulator.ActiveCfg = Release|Any CPU
		{91272C39-1BBD-4478-BCCD-44A4F9EDB64D}.Release|iPhoneSimulator.Build.0 = Release|Any CPU
		{91272C39-1BBD-4478-BCCD-44A4F9EDB64D}.Release|x64.ActiveCfg = Release|Any CPU
		{91272C39-1BBD-4478-BCCD-44A4F9EDB64D}.Release|x64.Build.0 = Release|Any CPU
		{91272C39-1BBD-4478-BCCD-44A4F9EDB64D}.Release|x86.ActiveCfg = Release|Any CPU
		{91272C39-1BBD-4478-BCCD-44A4F9EDB64D}.Release|x86.Build.0 = Release|Any CPU
		{E10E3C57-7E48-41E8-8E38-48963A1E0408}.Ad-Hoc|Any CPU.ActiveCfg = Debug|Any CPU
		{E10E3C57-7E48-41E8-8E38-48963A1E0408}.Ad-Hoc|Any CPU.Build.0 = Debug|Any CPU
		{E10E3C57-7E48-41E8-8E38-48963A1E0408}.Ad-Hoc|ARM.ActiveCfg = Debug|Any CPU
		{E10E3C57-7E48-41E8-8E38-48963A1E0408}.Ad-Hoc|ARM.Build.0 = Debug|Any CPU
		{E10E3C57-7E48-41E8-8E38-48963A1E0408}.Ad-Hoc|iPhone.ActiveCfg = Debug|Any CPU
		{E10E3C57-7E48-41E8-8E38-48963A1E0408}.Ad-Hoc|iPhone.Build.0 = Debug|Any CPU
		{E10E3C57-7E48-41E8-8E38-48963A1E0408}.Ad-Hoc|iPhoneSimulator.ActiveCfg = Debug|Any CPU
		{E10E3C57-7E48-41E8-8E38-48963A1E0408}.Ad-Hoc|iPhoneSimulator.Build.0 = Debug|Any CPU
		{E10E3C57-7E48-41E8-8E38-48963A1E0408}.Ad-Hoc|x64.ActiveCfg = Debug|Any CPU
		{E10E3C57-7E48-41E8-8E38-48963A1E0408}.Ad-Hoc|x64.Build.0 = Debug|Any CPU
		{E10E3C57-7E48-41E8-8E38-48963A1E0408}.Ad-Hoc|x86.ActiveCfg = Debug|Any CPU
		{E10E3C57-7E48-41E8-8E38-48963A1E0408}.Ad-Hoc|x86.Build.0 = Debug|Any CPU
		{E10E3C57-7E48-41E8-8E38-48963A1E0408}.AppStore|Any CPU.ActiveCfg = Release|Any CPU
		{E10E3C57-7E48-41E8-8E38-48963A1E0408}.AppStore|Any CPU.Build.0 = Release|Any CPU
		{E10E3C57-7E48-41E8-8E38-48963A1E0408}.AppStore|ARM.ActiveCfg = Debug|Any CPU
		{E10E3C57-7E48-41E8-8E38-48963A1E0408}.AppStore|ARM.Build.0 = Debug|Any CPU
		{E10E3C57-7E48-41E8-8E38-48963A1E0408}.AppStore|iPhone.ActiveCfg = Debug|Any CPU
		{E10E3C57-7E48-41E8-8E38-48963A1E0408}.AppStore|iPhone.Build.0 = Debug|Any CPU
		{E10E3C57-7E48-41E8-8E38-48963A1E0408}.AppStore|iPhoneSimulator.ActiveCfg = Debug|Any CPU
		{E10E3C57-7E48-41E8-8E38-48963A1E0408}.AppStore|iPhoneSimulator.Build.0 = Debug|Any CPU
		{E10E3C57-7E48-41E8-8E38-48963A1E0408}.AppStore|x64.ActiveCfg = Debug|Any CPU
		{E10E3C57-7E48-41E8-8E38-48963A1E0408}.AppStore|x64.Build.0 = Debug|Any CPU
		{E10E3C57-7E48-41E8-8E38-48963A1E0408}.AppStore|x86.ActiveCfg = Debug|Any CPU
		{E10E3C57-7E48-41E8-8E38-48963A1E0408}.AppStore|x86.Build.0 = Debug|Any CPU
		{E10E3C57-7E48-41E8-8E38-48963A1E0408}.Debug|Any CPU.ActiveCfg = Debug|Any CPU
		{E10E3C57-7E48-41E8-8E38-48963A1E0408}.Debug|Any CPU.Build.0 = Debug|Any CPU
		{E10E3C57-7E48-41E8-8E38-48963A1E0408}.Debug|ARM.ActiveCfg = Debug|Any CPU
		{E10E3C57-7E48-41E8-8E38-48963A1E0408}.Debug|ARM.Build.0 = Debug|Any CPU
		{E10E3C57-7E48-41E8-8E38-48963A1E0408}.Debug|iPhone.ActiveCfg = Debug|Any CPU
		{E10E3C57-7E48-41E8-8E38-48963A1E0408}.Debug|iPhone.Build.0 = Debug|Any CPU
		{E10E3C57-7E48-41E8-8E38-48963A1E0408}.Debug|iPhoneSimulator.ActiveCfg = Debug|Any CPU
		{E10E3C57-7E48-41E8-8E38-48963A1E0408}.Debug|iPhoneSimulator.Build.0 = Debug|Any CPU
		{E10E3C57-7E48-41E8-8E38-48963A1E0408}.Debug|x64.ActiveCfg = Debug|Any CPU
		{E10E3C57-7E48-41E8-8E38-48963A1E0408}.Debug|x64.Build.0 = Debug|Any CPU
		{E10E3C57-7E48-41E8-8E38-48963A1E0408}.Debug|x86.ActiveCfg = Debug|Any CPU
		{E10E3C57-7E48-41E8-8E38-48963A1E0408}.Debug|x86.Build.0 = Debug|Any CPU
		{E10E3C57-7E48-41E8-8E38-48963A1E0408}.Release|Any CPU.ActiveCfg = Release|Any CPU
		{E10E3C57-7E48-41E8-8E38-48963A1E0408}.Release|Any CPU.Build.0 = Release|Any CPU
		{E10E3C57-7E48-41E8-8E38-48963A1E0408}.Release|ARM.ActiveCfg = Release|Any CPU
		{E10E3C57-7E48-41E8-8E38-48963A1E0408}.Release|ARM.Build.0 = Release|Any CPU
		{E10E3C57-7E48-41E8-8E38-48963A1E0408}.Release|iPhone.ActiveCfg = Release|Any CPU
		{E10E3C57-7E48-41E8-8E38-48963A1E0408}.Release|iPhone.Build.0 = Release|Any CPU
		{E10E3C57-7E48-41E8-8E38-48963A1E0408}.Release|iPhoneSimulator.ActiveCfg = Release|Any CPU
		{E10E3C57-7E48-41E8-8E38-48963A1E0408}.Release|iPhoneSimulator.Build.0 = Release|Any CPU
		{E10E3C57-7E48-41E8-8E38-48963A1E0408}.Release|x64.ActiveCfg = Release|Any CPU
		{E10E3C57-7E48-41E8-8E38-48963A1E0408}.Release|x64.Build.0 = Release|Any CPU
		{E10E3C57-7E48-41E8-8E38-48963A1E0408}.Release|x86.ActiveCfg = Release|Any CPU
		{E10E3C57-7E48-41E8-8E38-48963A1E0408}.Release|x86.Build.0 = Release|Any CPU
		{5DF015D2-E7BF-45B3-9E67-E9120C6A8B90}.Ad-Hoc|Any CPU.ActiveCfg = Debug|Any CPU
		{5DF015D2-E7BF-45B3-9E67-E9120C6A8B90}.Ad-Hoc|Any CPU.Build.0 = Debug|Any CPU
		{5DF015D2-E7BF-45B3-9E67-E9120C6A8B90}.Ad-Hoc|ARM.ActiveCfg = Debug|Any CPU
		{5DF015D2-E7BF-45B3-9E67-E9120C6A8B90}.Ad-Hoc|ARM.Build.0 = Debug|Any CPU
		{5DF015D2-E7BF-45B3-9E67-E9120C6A8B90}.Ad-Hoc|iPhone.ActiveCfg = Debug|Any CPU
		{5DF015D2-E7BF-45B3-9E67-E9120C6A8B90}.Ad-Hoc|iPhone.Build.0 = Debug|Any CPU
		{5DF015D2-E7BF-45B3-9E67-E9120C6A8B90}.Ad-Hoc|iPhoneSimulator.ActiveCfg = Debug|Any CPU
		{5DF015D2-E7BF-45B3-9E67-E9120C6A8B90}.Ad-Hoc|iPhoneSimulator.Build.0 = Debug|Any CPU
		{5DF015D2-E7BF-45B3-9E67-E9120C6A8B90}.Ad-Hoc|x64.ActiveCfg = Debug|Any CPU
		{5DF015D2-E7BF-45B3-9E67-E9120C6A8B90}.Ad-Hoc|x64.Build.0 = Debug|Any CPU
		{5DF015D2-E7BF-45B3-9E67-E9120C6A8B90}.Ad-Hoc|x86.ActiveCfg = Debug|Any CPU
		{5DF015D2-E7BF-45B3-9E67-E9120C6A8B90}.Ad-Hoc|x86.Build.0 = Debug|Any CPU
		{5DF015D2-E7BF-45B3-9E67-E9120C6A8B90}.AppStore|Any CPU.ActiveCfg = Release|Any CPU
		{5DF015D2-E7BF-45B3-9E67-E9120C6A8B90}.AppStore|Any CPU.Build.0 = Release|Any CPU
		{5DF015D2-E7BF-45B3-9E67-E9120C6A8B90}.AppStore|ARM.ActiveCfg = Debug|Any CPU
		{5DF015D2-E7BF-45B3-9E67-E9120C6A8B90}.AppStore|ARM.Build.0 = Debug|Any CPU
		{5DF015D2-E7BF-45B3-9E67-E9120C6A8B90}.AppStore|iPhone.ActiveCfg = Debug|Any CPU
		{5DF015D2-E7BF-45B3-9E67-E9120C6A8B90}.AppStore|iPhone.Build.0 = Debug|Any CPU
		{5DF015D2-E7BF-45B3-9E67-E9120C6A8B90}.AppStore|iPhoneSimulator.ActiveCfg = Debug|Any CPU
		{5DF015D2-E7BF-45B3-9E67-E9120C6A8B90}.AppStore|iPhoneSimulator.Build.0 = Debug|Any CPU
		{5DF015D2-E7BF-45B3-9E67-E9120C6A8B90}.AppStore|x64.ActiveCfg = Debug|Any CPU
		{5DF015D2-E7BF-45B3-9E67-E9120C6A8B90}.AppStore|x64.Build.0 = Debug|Any CPU
		{5DF015D2-E7BF-45B3-9E67-E9120C6A8B90}.AppStore|x86.ActiveCfg = Debug|Any CPU
		{5DF015D2-E7BF-45B3-9E67-E9120C6A8B90}.AppStore|x86.Build.0 = Debug|Any CPU
		{5DF015D2-E7BF-45B3-9E67-E9120C6A8B90}.Debug|Any CPU.ActiveCfg = Debug|Any CPU
		{5DF015D2-E7BF-45B3-9E67-E9120C6A8B90}.Debug|Any CPU.Build.0 = Debug|Any CPU
		{5DF015D2-E7BF-45B3-9E67-E9120C6A8B90}.Debug|ARM.ActiveCfg = Debug|Any CPU
		{5DF015D2-E7BF-45B3-9E67-E9120C6A8B90}.Debug|ARM.Build.0 = Debug|Any CPU
		{5DF015D2-E7BF-45B3-9E67-E9120C6A8B90}.Debug|iPhone.ActiveCfg = Debug|Any CPU
		{5DF015D2-E7BF-45B3-9E67-E9120C6A8B90}.Debug|iPhone.Build.0 = Debug|Any CPU
		{5DF015D2-E7BF-45B3-9E67-E9120C6A8B90}.Debug|iPhoneSimulator.ActiveCfg = Debug|Any CPU
		{5DF015D2-E7BF-45B3-9E67-E9120C6A8B90}.Debug|iPhoneSimulator.Build.0 = Debug|Any CPU
		{5DF015D2-E7BF-45B3-9E67-E9120C6A8B90}.Debug|x64.ActiveCfg = Debug|Any CPU
		{5DF015D2-E7BF-45B3-9E67-E9120C6A8B90}.Debug|x64.Build.0 = Debug|Any CPU
		{5DF015D2-E7BF-45B3-9E67-E9120C6A8B90}.Debug|x86.ActiveCfg = Debug|Any CPU
		{5DF015D2-E7BF-45B3-9E67-E9120C6A8B90}.Debug|x86.Build.0 = Debug|Any CPU
		{5DF015D2-E7BF-45B3-9E67-E9120C6A8B90}.Release|Any CPU.ActiveCfg = Release|Any CPU
		{5DF015D2-E7BF-45B3-9E67-E9120C6A8B90}.Release|ARM.ActiveCfg = Release|Any CPU
		{5DF015D2-E7BF-45B3-9E67-E9120C6A8B90}.Release|ARM.Build.0 = Release|Any CPU
		{5DF015D2-E7BF-45B3-9E67-E9120C6A8B90}.Release|iPhone.ActiveCfg = Release|Any CPU
		{5DF015D2-E7BF-45B3-9E67-E9120C6A8B90}.Release|iPhone.Build.0 = Release|Any CPU
		{5DF015D2-E7BF-45B3-9E67-E9120C6A8B90}.Release|iPhoneSimulator.ActiveCfg = Release|Any CPU
		{5DF015D2-E7BF-45B3-9E67-E9120C6A8B90}.Release|iPhoneSimulator.Build.0 = Release|Any CPU
		{5DF015D2-E7BF-45B3-9E67-E9120C6A8B90}.Release|x64.ActiveCfg = Release|Any CPU
		{5DF015D2-E7BF-45B3-9E67-E9120C6A8B90}.Release|x64.Build.0 = Release|Any CPU
		{5DF015D2-E7BF-45B3-9E67-E9120C6A8B90}.Release|x86.ActiveCfg = Release|Any CPU
		{5DF015D2-E7BF-45B3-9E67-E9120C6A8B90}.Release|x86.Build.0 = Release|Any CPU
		{EF8C6B0F-3F7F-4365-AE68-5DC1418E34B3}.Ad-Hoc|Any CPU.ActiveCfg = Debug|Any CPU
		{EF8C6B0F-3F7F-4365-AE68-5DC1418E34B3}.Ad-Hoc|Any CPU.Build.0 = Debug|Any CPU
		{EF8C6B0F-3F7F-4365-AE68-5DC1418E34B3}.Ad-Hoc|Any CPU.Deploy.0 = Debug|Any CPU
		{EF8C6B0F-3F7F-4365-AE68-5DC1418E34B3}.Ad-Hoc|ARM.ActiveCfg = Debug|Any CPU
		{EF8C6B0F-3F7F-4365-AE68-5DC1418E34B3}.Ad-Hoc|ARM.Build.0 = Debug|Any CPU
		{EF8C6B0F-3F7F-4365-AE68-5DC1418E34B3}.Ad-Hoc|ARM.Deploy.0 = Debug|Any CPU
		{EF8C6B0F-3F7F-4365-AE68-5DC1418E34B3}.Ad-Hoc|iPhone.ActiveCfg = Debug|Any CPU
		{EF8C6B0F-3F7F-4365-AE68-5DC1418E34B3}.Ad-Hoc|iPhone.Build.0 = Debug|Any CPU
		{EF8C6B0F-3F7F-4365-AE68-5DC1418E34B3}.Ad-Hoc|iPhone.Deploy.0 = Debug|Any CPU
		{EF8C6B0F-3F7F-4365-AE68-5DC1418E34B3}.Ad-Hoc|iPhoneSimulator.ActiveCfg = Debug|Any CPU
		{EF8C6B0F-3F7F-4365-AE68-5DC1418E34B3}.Ad-Hoc|iPhoneSimulator.Build.0 = Debug|Any CPU
		{EF8C6B0F-3F7F-4365-AE68-5DC1418E34B3}.Ad-Hoc|iPhoneSimulator.Deploy.0 = Debug|Any CPU
		{EF8C6B0F-3F7F-4365-AE68-5DC1418E34B3}.Ad-Hoc|x64.ActiveCfg = Debug|Any CPU
		{EF8C6B0F-3F7F-4365-AE68-5DC1418E34B3}.Ad-Hoc|x64.Build.0 = Debug|Any CPU
		{EF8C6B0F-3F7F-4365-AE68-5DC1418E34B3}.Ad-Hoc|x64.Deploy.0 = Debug|Any CPU
		{EF8C6B0F-3F7F-4365-AE68-5DC1418E34B3}.Ad-Hoc|x86.ActiveCfg = Debug|Any CPU
		{EF8C6B0F-3F7F-4365-AE68-5DC1418E34B3}.Ad-Hoc|x86.Build.0 = Debug|Any CPU
		{EF8C6B0F-3F7F-4365-AE68-5DC1418E34B3}.Ad-Hoc|x86.Deploy.0 = Debug|Any CPU
		{EF8C6B0F-3F7F-4365-AE68-5DC1418E34B3}.AppStore|Any CPU.ActiveCfg = Release|Any CPU
		{EF8C6B0F-3F7F-4365-AE68-5DC1418E34B3}.AppStore|Any CPU.Build.0 = Release|Any CPU
		{EF8C6B0F-3F7F-4365-AE68-5DC1418E34B3}.AppStore|Any CPU.Deploy.0 = Release|Any CPU
		{EF8C6B0F-3F7F-4365-AE68-5DC1418E34B3}.AppStore|ARM.ActiveCfg = Debug|Any CPU
		{EF8C6B0F-3F7F-4365-AE68-5DC1418E34B3}.AppStore|ARM.Build.0 = Debug|Any CPU
		{EF8C6B0F-3F7F-4365-AE68-5DC1418E34B3}.AppStore|ARM.Deploy.0 = Debug|Any CPU
		{EF8C6B0F-3F7F-4365-AE68-5DC1418E34B3}.AppStore|iPhone.ActiveCfg = Debug|Any CPU
		{EF8C6B0F-3F7F-4365-AE68-5DC1418E34B3}.AppStore|iPhone.Build.0 = Debug|Any CPU
		{EF8C6B0F-3F7F-4365-AE68-5DC1418E34B3}.AppStore|iPhone.Deploy.0 = Debug|Any CPU
		{EF8C6B0F-3F7F-4365-AE68-5DC1418E34B3}.AppStore|iPhoneSimulator.ActiveCfg = Debug|Any CPU
		{EF8C6B0F-3F7F-4365-AE68-5DC1418E34B3}.AppStore|iPhoneSimulator.Build.0 = Debug|Any CPU
		{EF8C6B0F-3F7F-4365-AE68-5DC1418E34B3}.AppStore|iPhoneSimulator.Deploy.0 = Debug|Any CPU
		{EF8C6B0F-3F7F-4365-AE68-5DC1418E34B3}.AppStore|x64.ActiveCfg = Debug|Any CPU
		{EF8C6B0F-3F7F-4365-AE68-5DC1418E34B3}.AppStore|x64.Build.0 = Debug|Any CPU
		{EF8C6B0F-3F7F-4365-AE68-5DC1418E34B3}.AppStore|x64.Deploy.0 = Debug|Any CPU
		{EF8C6B0F-3F7F-4365-AE68-5DC1418E34B3}.AppStore|x86.ActiveCfg = Debug|Any CPU
		{EF8C6B0F-3F7F-4365-AE68-5DC1418E34B3}.AppStore|x86.Build.0 = Debug|Any CPU
		{EF8C6B0F-3F7F-4365-AE68-5DC1418E34B3}.AppStore|x86.Deploy.0 = Debug|Any CPU
		{EF8C6B0F-3F7F-4365-AE68-5DC1418E34B3}.Debug|Any CPU.ActiveCfg = Debug|Any CPU
		{EF8C6B0F-3F7F-4365-AE68-5DC1418E34B3}.Debug|Any CPU.Build.0 = Debug|Any CPU
		{EF8C6B0F-3F7F-4365-AE68-5DC1418E34B3}.Debug|Any CPU.Deploy.0 = Debug|Any CPU
		{EF8C6B0F-3F7F-4365-AE68-5DC1418E34B3}.Debug|ARM.ActiveCfg = Debug|Any CPU
		{EF8C6B0F-3F7F-4365-AE68-5DC1418E34B3}.Debug|ARM.Build.0 = Debug|Any CPU
		{EF8C6B0F-3F7F-4365-AE68-5DC1418E34B3}.Debug|ARM.Deploy.0 = Debug|Any CPU
		{EF8C6B0F-3F7F-4365-AE68-5DC1418E34B3}.Debug|iPhone.ActiveCfg = Debug|Any CPU
		{EF8C6B0F-3F7F-4365-AE68-5DC1418E34B3}.Debug|iPhone.Build.0 = Debug|Any CPU
		{EF8C6B0F-3F7F-4365-AE68-5DC1418E34B3}.Debug|iPhone.Deploy.0 = Debug|Any CPU
		{EF8C6B0F-3F7F-4365-AE68-5DC1418E34B3}.Debug|iPhoneSimulator.ActiveCfg = Debug|Any CPU
		{EF8C6B0F-3F7F-4365-AE68-5DC1418E34B3}.Debug|iPhoneSimulator.Build.0 = Debug|Any CPU
		{EF8C6B0F-3F7F-4365-AE68-5DC1418E34B3}.Debug|iPhoneSimulator.Deploy.0 = Debug|Any CPU
		{EF8C6B0F-3F7F-4365-AE68-5DC1418E34B3}.Debug|x64.ActiveCfg = Debug|Any CPU
		{EF8C6B0F-3F7F-4365-AE68-5DC1418E34B3}.Debug|x64.Build.0 = Debug|Any CPU
		{EF8C6B0F-3F7F-4365-AE68-5DC1418E34B3}.Debug|x64.Deploy.0 = Debug|Any CPU
		{EF8C6B0F-3F7F-4365-AE68-5DC1418E34B3}.Debug|x86.ActiveCfg = Debug|Any CPU
		{EF8C6B0F-3F7F-4365-AE68-5DC1418E34B3}.Debug|x86.Build.0 = Debug|Any CPU
		{EF8C6B0F-3F7F-4365-AE68-5DC1418E34B3}.Debug|x86.Deploy.0 = Debug|Any CPU
		{EF8C6B0F-3F7F-4365-AE68-5DC1418E34B3}.Release|Any CPU.ActiveCfg = Release|Any CPU
		{EF8C6B0F-3F7F-4365-AE68-5DC1418E34B3}.Release|ARM.ActiveCfg = Release|Any CPU
		{EF8C6B0F-3F7F-4365-AE68-5DC1418E34B3}.Release|ARM.Build.0 = Release|Any CPU
		{EF8C6B0F-3F7F-4365-AE68-5DC1418E34B3}.Release|ARM.Deploy.0 = Release|Any CPU
		{EF8C6B0F-3F7F-4365-AE68-5DC1418E34B3}.Release|iPhone.ActiveCfg = Release|Any CPU
		{EF8C6B0F-3F7F-4365-AE68-5DC1418E34B3}.Release|iPhone.Build.0 = Release|Any CPU
		{EF8C6B0F-3F7F-4365-AE68-5DC1418E34B3}.Release|iPhone.Deploy.0 = Release|Any CPU
		{EF8C6B0F-3F7F-4365-AE68-5DC1418E34B3}.Release|iPhoneSimulator.ActiveCfg = Release|Any CPU
		{EF8C6B0F-3F7F-4365-AE68-5DC1418E34B3}.Release|iPhoneSimulator.Build.0 = Release|Any CPU
		{EF8C6B0F-3F7F-4365-AE68-5DC1418E34B3}.Release|iPhoneSimulator.Deploy.0 = Release|Any CPU
		{EF8C6B0F-3F7F-4365-AE68-5DC1418E34B3}.Release|x64.ActiveCfg = Release|Any CPU
		{EF8C6B0F-3F7F-4365-AE68-5DC1418E34B3}.Release|x64.Build.0 = Release|Any CPU
		{EF8C6B0F-3F7F-4365-AE68-5DC1418E34B3}.Release|x64.Deploy.0 = Release|Any CPU
		{EF8C6B0F-3F7F-4365-AE68-5DC1418E34B3}.Release|x86.ActiveCfg = Release|Any CPU
		{EF8C6B0F-3F7F-4365-AE68-5DC1418E34B3}.Release|x86.Build.0 = Release|Any CPU
		{EF8C6B0F-3F7F-4365-AE68-5DC1418E34B3}.Release|x86.Deploy.0 = Release|Any CPU
		{8E74ABA6-B51F-47ED-8C62-EF6843AABE10}.Ad-Hoc|Any CPU.ActiveCfg = Debug|Any CPU
		{8E74ABA6-B51F-47ED-8C62-EF6843AABE10}.Ad-Hoc|Any CPU.Build.0 = Debug|Any CPU
		{8E74ABA6-B51F-47ED-8C62-EF6843AABE10}.Ad-Hoc|ARM.ActiveCfg = Debug|Any CPU
		{8E74ABA6-B51F-47ED-8C62-EF6843AABE10}.Ad-Hoc|ARM.Build.0 = Debug|Any CPU
		{8E74ABA6-B51F-47ED-8C62-EF6843AABE10}.Ad-Hoc|iPhone.ActiveCfg = Debug|Any CPU
		{8E74ABA6-B51F-47ED-8C62-EF6843AABE10}.Ad-Hoc|iPhone.Build.0 = Debug|Any CPU
		{8E74ABA6-B51F-47ED-8C62-EF6843AABE10}.Ad-Hoc|iPhoneSimulator.ActiveCfg = Debug|Any CPU
		{8E74ABA6-B51F-47ED-8C62-EF6843AABE10}.Ad-Hoc|iPhoneSimulator.Build.0 = Debug|Any CPU
		{8E74ABA6-B51F-47ED-8C62-EF6843AABE10}.Ad-Hoc|x64.ActiveCfg = Debug|Any CPU
		{8E74ABA6-B51F-47ED-8C62-EF6843AABE10}.Ad-Hoc|x64.Build.0 = Debug|Any CPU
		{8E74ABA6-B51F-47ED-8C62-EF6843AABE10}.Ad-Hoc|x86.ActiveCfg = Debug|Any CPU
		{8E74ABA6-B51F-47ED-8C62-EF6843AABE10}.Ad-Hoc|x86.Build.0 = Debug|Any CPU
		{8E74ABA6-B51F-47ED-8C62-EF6843AABE10}.AppStore|Any CPU.ActiveCfg = Release|Any CPU
		{8E74ABA6-B51F-47ED-8C62-EF6843AABE10}.AppStore|Any CPU.Build.0 = Release|Any CPU
		{8E74ABA6-B51F-47ED-8C62-EF6843AABE10}.AppStore|ARM.ActiveCfg = Debug|Any CPU
		{8E74ABA6-B51F-47ED-8C62-EF6843AABE10}.AppStore|ARM.Build.0 = Debug|Any CPU
		{8E74ABA6-B51F-47ED-8C62-EF6843AABE10}.AppStore|iPhone.ActiveCfg = Debug|Any CPU
		{8E74ABA6-B51F-47ED-8C62-EF6843AABE10}.AppStore|iPhone.Build.0 = Debug|Any CPU
		{8E74ABA6-B51F-47ED-8C62-EF6843AABE10}.AppStore|iPhoneSimulator.ActiveCfg = Debug|Any CPU
		{8E74ABA6-B51F-47ED-8C62-EF6843AABE10}.AppStore|iPhoneSimulator.Build.0 = Debug|Any CPU
		{8E74ABA6-B51F-47ED-8C62-EF6843AABE10}.AppStore|x64.ActiveCfg = Debug|Any CPU
		{8E74ABA6-B51F-47ED-8C62-EF6843AABE10}.AppStore|x64.Build.0 = Debug|Any CPU
		{8E74ABA6-B51F-47ED-8C62-EF6843AABE10}.AppStore|x86.ActiveCfg = Debug|Any CPU
		{8E74ABA6-B51F-47ED-8C62-EF6843AABE10}.AppStore|x86.Build.0 = Debug|Any CPU
		{8E74ABA6-B51F-47ED-8C62-EF6843AABE10}.Debug|Any CPU.ActiveCfg = Debug|Any CPU
		{8E74ABA6-B51F-47ED-8C62-EF6843AABE10}.Debug|Any CPU.Build.0 = Debug|Any CPU
		{8E74ABA6-B51F-47ED-8C62-EF6843AABE10}.Debug|ARM.ActiveCfg = Debug|Any CPU
		{8E74ABA6-B51F-47ED-8C62-EF6843AABE10}.Debug|ARM.Build.0 = Debug|Any CPU
		{8E74ABA6-B51F-47ED-8C62-EF6843AABE10}.Debug|iPhone.ActiveCfg = Debug|Any CPU
		{8E74ABA6-B51F-47ED-8C62-EF6843AABE10}.Debug|iPhone.Build.0 = Debug|Any CPU
		{8E74ABA6-B51F-47ED-8C62-EF6843AABE10}.Debug|iPhoneSimulator.ActiveCfg = Debug|Any CPU
		{8E74ABA6-B51F-47ED-8C62-EF6843AABE10}.Debug|iPhoneSimulator.Build.0 = Debug|Any CPU
		{8E74ABA6-B51F-47ED-8C62-EF6843AABE10}.Debug|x64.ActiveCfg = Debug|Any CPU
		{8E74ABA6-B51F-47ED-8C62-EF6843AABE10}.Debug|x64.Build.0 = Debug|Any CPU
		{8E74ABA6-B51F-47ED-8C62-EF6843AABE10}.Debug|x86.ActiveCfg = Debug|Any CPU
		{8E74ABA6-B51F-47ED-8C62-EF6843AABE10}.Debug|x86.Build.0 = Debug|Any CPU
		{8E74ABA6-B51F-47ED-8C62-EF6843AABE10}.Release|Any CPU.ActiveCfg = Release|Any CPU
		{8E74ABA6-B51F-47ED-8C62-EF6843AABE10}.Release|Any CPU.Build.0 = Release|Any CPU
		{8E74ABA6-B51F-47ED-8C62-EF6843AABE10}.Release|ARM.ActiveCfg = Release|Any CPU
		{8E74ABA6-B51F-47ED-8C62-EF6843AABE10}.Release|ARM.Build.0 = Release|Any CPU
		{8E74ABA6-B51F-47ED-8C62-EF6843AABE10}.Release|iPhone.ActiveCfg = Release|Any CPU
		{8E74ABA6-B51F-47ED-8C62-EF6843AABE10}.Release|iPhone.Build.0 = Release|Any CPU
		{8E74ABA6-B51F-47ED-8C62-EF6843AABE10}.Release|iPhoneSimulator.ActiveCfg = Release|Any CPU
		{8E74ABA6-B51F-47ED-8C62-EF6843AABE10}.Release|iPhoneSimulator.Build.0 = Release|Any CPU
		{8E74ABA6-B51F-47ED-8C62-EF6843AABE10}.Release|x64.ActiveCfg = Release|Any CPU
		{8E74ABA6-B51F-47ED-8C62-EF6843AABE10}.Release|x64.Build.0 = Release|Any CPU
		{8E74ABA6-B51F-47ED-8C62-EF6843AABE10}.Release|x86.ActiveCfg = Release|Any CPU
		{8E74ABA6-B51F-47ED-8C62-EF6843AABE10}.Release|x86.Build.0 = Release|Any CPU
		{D806ED78-1C67-4CC7-A1C6-C7656F53A948}.Ad-Hoc|Any CPU.ActiveCfg = Release|Any CPU
		{D806ED78-1C67-4CC7-A1C6-C7656F53A948}.Ad-Hoc|Any CPU.Build.0 = Release|Any CPU
		{D806ED78-1C67-4CC7-A1C6-C7656F53A948}.Ad-Hoc|ARM.ActiveCfg = Release|Any CPU
		{D806ED78-1C67-4CC7-A1C6-C7656F53A948}.Ad-Hoc|ARM.Build.0 = Release|Any CPU
		{D806ED78-1C67-4CC7-A1C6-C7656F53A948}.Ad-Hoc|iPhone.ActiveCfg = Release|Any CPU
		{D806ED78-1C67-4CC7-A1C6-C7656F53A948}.Ad-Hoc|iPhone.Build.0 = Release|Any CPU
		{D806ED78-1C67-4CC7-A1C6-C7656F53A948}.Ad-Hoc|iPhoneSimulator.ActiveCfg = Release|Any CPU
		{D806ED78-1C67-4CC7-A1C6-C7656F53A948}.Ad-Hoc|iPhoneSimulator.Build.0 = Release|Any CPU
		{D806ED78-1C67-4CC7-A1C6-C7656F53A948}.Ad-Hoc|x64.ActiveCfg = Release|Any CPU
		{D806ED78-1C67-4CC7-A1C6-C7656F53A948}.Ad-Hoc|x64.Build.0 = Release|Any CPU
		{D806ED78-1C67-4CC7-A1C6-C7656F53A948}.Ad-Hoc|x86.ActiveCfg = Release|Any CPU
		{D806ED78-1C67-4CC7-A1C6-C7656F53A948}.Ad-Hoc|x86.Build.0 = Release|Any CPU
		{D806ED78-1C67-4CC7-A1C6-C7656F53A948}.AppStore|Any CPU.ActiveCfg = Release|Any CPU
		{D806ED78-1C67-4CC7-A1C6-C7656F53A948}.AppStore|Any CPU.Build.0 = Release|Any CPU
		{D806ED78-1C67-4CC7-A1C6-C7656F53A948}.AppStore|ARM.ActiveCfg = Release|Any CPU
		{D806ED78-1C67-4CC7-A1C6-C7656F53A948}.AppStore|ARM.Build.0 = Release|Any CPU
		{D806ED78-1C67-4CC7-A1C6-C7656F53A948}.AppStore|iPhone.ActiveCfg = Release|Any CPU
		{D806ED78-1C67-4CC7-A1C6-C7656F53A948}.AppStore|iPhone.Build.0 = Release|Any CPU
		{D806ED78-1C67-4CC7-A1C6-C7656F53A948}.AppStore|iPhoneSimulator.ActiveCfg = Release|Any CPU
		{D806ED78-1C67-4CC7-A1C6-C7656F53A948}.AppStore|iPhoneSimulator.Build.0 = Release|Any CPU
		{D806ED78-1C67-4CC7-A1C6-C7656F53A948}.AppStore|x64.ActiveCfg = Release|Any CPU
		{D806ED78-1C67-4CC7-A1C6-C7656F53A948}.AppStore|x64.Build.0 = Release|Any CPU
		{D806ED78-1C67-4CC7-A1C6-C7656F53A948}.AppStore|x86.ActiveCfg = Release|Any CPU
		{D806ED78-1C67-4CC7-A1C6-C7656F53A948}.AppStore|x86.Build.0 = Release|Any CPU
		{D806ED78-1C67-4CC7-A1C6-C7656F53A948}.Debug|Any CPU.ActiveCfg = Debug|Any CPU
		{D806ED78-1C67-4CC7-A1C6-C7656F53A948}.Debug|Any CPU.Build.0 = Debug|Any CPU
		{D806ED78-1C67-4CC7-A1C6-C7656F53A948}.Debug|ARM.ActiveCfg = Debug|Any CPU
		{D806ED78-1C67-4CC7-A1C6-C7656F53A948}.Debug|ARM.Build.0 = Debug|Any CPU
		{D806ED78-1C67-4CC7-A1C6-C7656F53A948}.Debug|iPhone.ActiveCfg = Debug|Any CPU
		{D806ED78-1C67-4CC7-A1C6-C7656F53A948}.Debug|iPhone.Build.0 = Debug|Any CPU
		{D806ED78-1C67-4CC7-A1C6-C7656F53A948}.Debug|iPhoneSimulator.ActiveCfg = Debug|Any CPU
		{D806ED78-1C67-4CC7-A1C6-C7656F53A948}.Debug|iPhoneSimulator.Build.0 = Debug|Any CPU
		{D806ED78-1C67-4CC7-A1C6-C7656F53A948}.Debug|x64.ActiveCfg = Debug|Any CPU
		{D806ED78-1C67-4CC7-A1C6-C7656F53A948}.Debug|x64.Build.0 = Debug|Any CPU
		{D806ED78-1C67-4CC7-A1C6-C7656F53A948}.Debug|x86.ActiveCfg = Debug|Any CPU
		{D806ED78-1C67-4CC7-A1C6-C7656F53A948}.Debug|x86.Build.0 = Debug|Any CPU
		{D806ED78-1C67-4CC7-A1C6-C7656F53A948}.Release|Any CPU.ActiveCfg = Release|Any CPU
		{D806ED78-1C67-4CC7-A1C6-C7656F53A948}.Release|Any CPU.Build.0 = Release|Any CPU
		{D806ED78-1C67-4CC7-A1C6-C7656F53A948}.Release|ARM.ActiveCfg = Release|Any CPU
		{D806ED78-1C67-4CC7-A1C6-C7656F53A948}.Release|ARM.Build.0 = Release|Any CPU
		{D806ED78-1C67-4CC7-A1C6-C7656F53A948}.Release|iPhone.ActiveCfg = Release|Any CPU
		{D806ED78-1C67-4CC7-A1C6-C7656F53A948}.Release|iPhone.Build.0 = Release|Any CPU
		{D806ED78-1C67-4CC7-A1C6-C7656F53A948}.Release|iPhoneSimulator.ActiveCfg = Release|Any CPU
		{D806ED78-1C67-4CC7-A1C6-C7656F53A948}.Release|iPhoneSimulator.Build.0 = Release|Any CPU
		{D806ED78-1C67-4CC7-A1C6-C7656F53A948}.Release|x64.ActiveCfg = Release|Any CPU
		{D806ED78-1C67-4CC7-A1C6-C7656F53A948}.Release|x64.Build.0 = Release|Any CPU
		{D806ED78-1C67-4CC7-A1C6-C7656F53A948}.Release|x86.ActiveCfg = Release|Any CPU
		{D806ED78-1C67-4CC7-A1C6-C7656F53A948}.Release|x86.Build.0 = Release|Any CPU
		{021C1039-4E38-4518-8B2F-7FF3B6757AEE}.Ad-Hoc|Any CPU.ActiveCfg = Release|Any CPU
		{021C1039-4E38-4518-8B2F-7FF3B6757AEE}.Ad-Hoc|Any CPU.Build.0 = Release|Any CPU
		{021C1039-4E38-4518-8B2F-7FF3B6757AEE}.Ad-Hoc|ARM.ActiveCfg = Release|Any CPU
		{021C1039-4E38-4518-8B2F-7FF3B6757AEE}.Ad-Hoc|ARM.Build.0 = Release|Any CPU
		{021C1039-4E38-4518-8B2F-7FF3B6757AEE}.Ad-Hoc|iPhone.ActiveCfg = Release|Any CPU
		{021C1039-4E38-4518-8B2F-7FF3B6757AEE}.Ad-Hoc|iPhone.Build.0 = Release|Any CPU
		{021C1039-4E38-4518-8B2F-7FF3B6757AEE}.Ad-Hoc|iPhoneSimulator.ActiveCfg = Release|Any CPU
		{021C1039-4E38-4518-8B2F-7FF3B6757AEE}.Ad-Hoc|iPhoneSimulator.Build.0 = Release|Any CPU
		{021C1039-4E38-4518-8B2F-7FF3B6757AEE}.Ad-Hoc|x64.ActiveCfg = Release|Any CPU
		{021C1039-4E38-4518-8B2F-7FF3B6757AEE}.Ad-Hoc|x64.Build.0 = Release|Any CPU
		{021C1039-4E38-4518-8B2F-7FF3B6757AEE}.Ad-Hoc|x86.ActiveCfg = Release|Any CPU
		{021C1039-4E38-4518-8B2F-7FF3B6757AEE}.Ad-Hoc|x86.Build.0 = Release|Any CPU
		{021C1039-4E38-4518-8B2F-7FF3B6757AEE}.AppStore|Any CPU.ActiveCfg = Release|Any CPU
		{021C1039-4E38-4518-8B2F-7FF3B6757AEE}.AppStore|Any CPU.Build.0 = Release|Any CPU
		{021C1039-4E38-4518-8B2F-7FF3B6757AEE}.AppStore|ARM.ActiveCfg = Release|Any CPU
		{021C1039-4E38-4518-8B2F-7FF3B6757AEE}.AppStore|ARM.Build.0 = Release|Any CPU
		{021C1039-4E38-4518-8B2F-7FF3B6757AEE}.AppStore|iPhone.ActiveCfg = Release|Any CPU
		{021C1039-4E38-4518-8B2F-7FF3B6757AEE}.AppStore|iPhone.Build.0 = Release|Any CPU
		{021C1039-4E38-4518-8B2F-7FF3B6757AEE}.AppStore|iPhoneSimulator.ActiveCfg = Release|Any CPU
		{021C1039-4E38-4518-8B2F-7FF3B6757AEE}.AppStore|iPhoneSimulator.Build.0 = Release|Any CPU
		{021C1039-4E38-4518-8B2F-7FF3B6757AEE}.AppStore|x64.ActiveCfg = Release|Any CPU
		{021C1039-4E38-4518-8B2F-7FF3B6757AEE}.AppStore|x64.Build.0 = Release|Any CPU
		{021C1039-4E38-4518-8B2F-7FF3B6757AEE}.AppStore|x86.ActiveCfg = Release|Any CPU
		{021C1039-4E38-4518-8B2F-7FF3B6757AEE}.AppStore|x86.Build.0 = Release|Any CPU
		{021C1039-4E38-4518-8B2F-7FF3B6757AEE}.Debug|Any CPU.ActiveCfg = Debug|Any CPU
		{021C1039-4E38-4518-8B2F-7FF3B6757AEE}.Debug|Any CPU.Build.0 = Debug|Any CPU
		{021C1039-4E38-4518-8B2F-7FF3B6757AEE}.Debug|ARM.ActiveCfg = Debug|Any CPU
		{021C1039-4E38-4518-8B2F-7FF3B6757AEE}.Debug|ARM.Build.0 = Debug|Any CPU
		{021C1039-4E38-4518-8B2F-7FF3B6757AEE}.Debug|iPhone.ActiveCfg = Debug|Any CPU
		{021C1039-4E38-4518-8B2F-7FF3B6757AEE}.Debug|iPhone.Build.0 = Debug|Any CPU
		{021C1039-4E38-4518-8B2F-7FF3B6757AEE}.Debug|iPhoneSimulator.ActiveCfg = Debug|Any CPU
		{021C1039-4E38-4518-8B2F-7FF3B6757AEE}.Debug|iPhoneSimulator.Build.0 = Debug|Any CPU
		{021C1039-4E38-4518-8B2F-7FF3B6757AEE}.Debug|x64.ActiveCfg = Debug|Any CPU
		{021C1039-4E38-4518-8B2F-7FF3B6757AEE}.Debug|x64.Build.0 = Debug|Any CPU
		{021C1039-4E38-4518-8B2F-7FF3B6757AEE}.Debug|x86.ActiveCfg = Debug|Any CPU
		{021C1039-4E38-4518-8B2F-7FF3B6757AEE}.Debug|x86.Build.0 = Debug|Any CPU
		{021C1039-4E38-4518-8B2F-7FF3B6757AEE}.Release|Any CPU.ActiveCfg = Release|Any CPU
		{021C1039-4E38-4518-8B2F-7FF3B6757AEE}.Release|Any CPU.Build.0 = Release|Any CPU
		{021C1039-4E38-4518-8B2F-7FF3B6757AEE}.Release|ARM.ActiveCfg = Release|Any CPU
		{021C1039-4E38-4518-8B2F-7FF3B6757AEE}.Release|ARM.Build.0 = Release|Any CPU
		{021C1039-4E38-4518-8B2F-7FF3B6757AEE}.Release|iPhone.ActiveCfg = Release|Any CPU
		{021C1039-4E38-4518-8B2F-7FF3B6757AEE}.Release|iPhone.Build.0 = Release|Any CPU
		{021C1039-4E38-4518-8B2F-7FF3B6757AEE}.Release|iPhoneSimulator.ActiveCfg = Release|Any CPU
		{021C1039-4E38-4518-8B2F-7FF3B6757AEE}.Release|iPhoneSimulator.Build.0 = Release|Any CPU
		{021C1039-4E38-4518-8B2F-7FF3B6757AEE}.Release|x64.ActiveCfg = Release|Any CPU
		{021C1039-4E38-4518-8B2F-7FF3B6757AEE}.Release|x64.Build.0 = Release|Any CPU
		{021C1039-4E38-4518-8B2F-7FF3B6757AEE}.Release|x86.ActiveCfg = Release|Any CPU
		{021C1039-4E38-4518-8B2F-7FF3B6757AEE}.Release|x86.Build.0 = Release|Any CPU
	EndGlobalSection
	GlobalSection(SolutionProperties) = preSolution
		HideSolutionNode = FALSE
	EndGlobalSection
	GlobalSection(NestedProjects) = preSolution
		{91272C39-1BBD-4478-BCCD-44A4F9EDB64D} = {9E2DD4FA-9BB8-471B-99F4-C47D1BB26125}
		{E10E3C57-7E48-41E8-8E38-48963A1E0408} = {86B44DE2-C121-462A-A98F-B67311A09194}
		{5DF015D2-E7BF-45B3-9E67-E9120C6A8B90} = {C9B8BFC9-5990-4606-BA44-20DB2AD68A5A}
		{9E2DD4FA-9BB8-471B-99F4-C47D1BB26125} = {1C982012-32B2-4E44-8DDD-3ECC38E87884}
		{86B44DE2-C121-462A-A98F-B67311A09194} = {1C982012-32B2-4E44-8DDD-3ECC38E87884}
		{EF8C6B0F-3F7F-4365-AE68-5DC1418E34B3} = {C9B8BFC9-5990-4606-BA44-20DB2AD68A5A}
		{8E74ABA6-B51F-47ED-8C62-EF6843AABE10} = {86B44DE2-C121-462A-A98F-B67311A09194}
		{D806ED78-1C67-4CC7-A1C6-C7656F53A948} = {86B44DE2-C121-462A-A98F-B67311A09194}
		{CC288502-B308-4A43-95A8-689F7E4F9CE9} = {86B44DE2-C121-462A-A98F-B67311A09194}
		{021C1039-4E38-4518-8B2F-7FF3B6757AEE} = {C9B8BFC9-5990-4606-BA44-20DB2AD68A5A}
	EndGlobalSection
EndGlobal
